// !$*UTF8*$!
{
	archiveVersion = 1;
	classes = {
	};
	objectVersion = 46;
	objects = {

/* Begin PBXBuildFile section */
		F510A97B1A661AE400E647BC /* beardling_sheet_v3.png in Resources */ = {isa = PBXBuildFile; fileRef = F510A97A1A661AE400E647BC /* beardling_sheet_v3.png */; };
		F515C61D1A6807AC003BB084 /* AIComponent.swift in Sources */ = {isa = PBXBuildFile; fileRef = F515C61C1A6807AC003BB084 /* AIComponent.swift */; };
		F51F14021A5C662000BBC083 /* GraphicsComponent.swift in Sources */ = {isa = PBXBuildFile; fileRef = F51F14011A5C662000BBC083 /* GraphicsComponent.swift */; };
		F51F14051A5C7A8000BBC083 /* GraphicsFactory.swift in Sources */ = {isa = PBXBuildFile; fileRef = F51F14041A5C7A8000BBC083 /* GraphicsFactory.swift */; };
		F528866C1A5CFC5100DF976F /* PlayScene.swift in Sources */ = {isa = PBXBuildFile; fileRef = F528866B1A5CFC5100DF976F /* PlayScene.swift */; };
		F52886701A5D00A200DF976F /* EntityFactory.swift in Sources */ = {isa = PBXBuildFile; fileRef = F528866F1A5D00A200DF976F /* EntityFactory.swift */; };
		F52886741A619B1500DF976F /* BeardlingGraphicComponent.swift in Sources */ = {isa = PBXBuildFile; fileRef = F52886731A619B1500DF976F /* BeardlingGraphicComponent.swift */; };
		F5328BD41A61F2AA0022239A /* BeardlingGraphicsFactory.swift in Sources */ = {isa = PBXBuildFile; fileRef = F5328BD31A61F2AA0022239A /* BeardlingGraphicsFactory.swift */; };
		F53825681A5BB4BF009E8984 /* Map.swift in Sources */ = {isa = PBXBuildFile; fileRef = F53825671A5BB4BF009E8984 /* Map.swift */; };
		F538256A1A5BB59B009E8984 /* MapSpace.swift in Sources */ = {isa = PBXBuildFile; fileRef = F53825691A5BB59B009E8984 /* MapSpace.swift */; };
		F538256C1A5C3A5B009E8984 /* Entity.swift in Sources */ = {isa = PBXBuildFile; fileRef = F538256B1A5C3A5B009E8984 /* Entity.swift */; };
		F538256E1A5C3CC2009E8984 /* ExampleComponent.swift in Sources */ = {isa = PBXBuildFile; fileRef = F538256D1A5C3CC2009E8984 /* ExampleComponent.swift */; };
		F54BE72E1A831A9D00A025AC /* ItemManager.swift in Sources */ = {isa = PBXBuildFile; fileRef = F54BE72D1A831A9D00A025AC /* ItemManager.swift */; };
		F54BE7301A83223400A025AC /* List.swift in Sources */ = {isa = PBXBuildFile; fileRef = F54BE72F1A83223400A025AC /* List.swift */; };
		F562AA5E1A620FA6002080F1 /* TerrainGenerator.swift in Sources */ = {isa = PBXBuildFile; fileRef = F562AA5D1A620FA6002080F1 /* TerrainGenerator.swift */; };
		F56EB2A11A68A60600C8BDCC /* Notifier.swift in Sources */ = {isa = PBXBuildFile; fileRef = F56EB2A01A68A60600C8BDCC /* Notifier.swift */; };
		F58472331A664CF6008D1449 /* CharacterComponent.swift in Sources */ = {isa = PBXBuildFile; fileRef = F58472321A664CF6008D1449 /* CharacterComponent.swift */; };
		F58472351A664D72008D1449 /* PhysicalComponent.swift in Sources */ = {isa = PBXBuildFile; fileRef = F58472341A664D72008D1449 /* PhysicalComponent.swift */; };
		F59061761A61F3C200BE68EA /* TerrainGraphicsFactory.swift in Sources */ = {isa = PBXBuildFile; fileRef = F59061751A61F3C200BE68EA /* TerrainGraphicsFactory.swift */; };
		F59061781A61F44800BE68EA /* micro_tileset.png in Resources */ = {isa = PBXBuildFile; fileRef = F59061771A61F44800BE68EA /* micro_tileset.png */; };
		F592D9CB1A61B9EC00F0EC6D /* Terrain.swift in Sources */ = {isa = PBXBuildFile; fileRef = F592D9CA1A61B9EC00F0EC6D /* Terrain.swift */; };
		F5A0C1DD1A5C8A38002BF131 /* PositionComponent.swift in Sources */ = {isa = PBXBuildFile; fileRef = F5A0C1DC1A5C8A38002BF131 /* PositionComponent.swift */; };
		F5A52B4E1A71E1DC00E1653E /* ItemComponent.swift in Sources */ = {isa = PBXBuildFile; fileRef = F5A52B4D1A71E1DC00E1653E /* ItemComponent.swift */; };
		F5A52B541A741B9B00E1653E /* items.png in Resources */ = {isa = PBXBuildFile; fileRef = F5A52B531A741B9B00E1653E /* items.png */; };
		F5A52B561A741BFE00E1653E /* ItemsGraphicsFactory.swift in Sources */ = {isa = PBXBuildFile; fileRef = F5A52B551A741BFE00E1653E /* ItemsGraphicsFactory.swift */; };
		F5A989411AA1B07500DE191B /* Goal.swift in Sources */ = {isa = PBXBuildFile; fileRef = F5A989401AA1B07500DE191B /* Goal.swift */; };
		F5AC73C11A638D29008D2DC5 /* BuildingGraphicsComponent.swift in Sources */ = {isa = PBXBuildFile; fileRef = F5AC73C01A638D29008D2DC5 /* BuildingGraphicsComponent.swift */; };
		F5BB85D91A7B44F500A1EAA5 /* NeedManager.swift in Sources */ = {isa = PBXBuildFile; fileRef = F5BB85D81A7B44F500A1EAA5 /* NeedManager.swift */; };
		F5BB85DC1A7B455800A1EAA5 /* HungerNeed.swift in Sources */ = {isa = PBXBuildFile; fileRef = F5BB85DB1A7B455800A1EAA5 /* HungerNeed.swift */; };
		F5BB85DE1A7B5D8C00A1EAA5 /* FoodItem.swift in Sources */ = {isa = PBXBuildFile; fileRef = F5BB85DD1A7B5D8C00A1EAA5 /* FoodItem.swift */; };
		F5BB85E01A7B6A6000A1EAA5 /* ItemFactory.swift in Sources */ = {isa = PBXBuildFile; fileRef = F5BB85DF1A7B6A6000A1EAA5 /* ItemFactory.swift */; };
		F5C13CAE1A6C667100A27392 /* Pathfinder.swift in Sources */ = {isa = PBXBuildFile; fileRef = F5C13CAD1A6C667100A27392 /* Pathfinder.swift */; };
		F5C13CB01A6C667D00A27392 /* PathStepper.swift in Sources */ = {isa = PBXBuildFile; fileRef = F5C13CAF1A6C667D00A27392 /* PathStepper.swift */; };
		F5C805F41A5BA44D00188814 /* AppDelegate.swift in Sources */ = {isa = PBXBuildFile; fileRef = F5C805F31A5BA44D00188814 /* AppDelegate.swift */; };
		F5C805FA1A5BA44D00188814 /* GameViewController.swift in Sources */ = {isa = PBXBuildFile; fileRef = F5C805F91A5BA44D00188814 /* GameViewController.swift */; };
		F5C805FF1A5BA44D00188814 /* Images.xcassets in Resources */ = {isa = PBXBuildFile; fileRef = F5C805FE1A5BA44D00188814 /* Images.xcassets */; };
		F5C806021A5BA44D00188814 /* LaunchScreen.xib in Resources */ = {isa = PBXBuildFile; fileRef = F5C806001A5BA44D00188814 /* LaunchScreen.xib */; };
		F5C8061A1A5BA50D00188814 /* BaseScene.swift in Sources */ = {isa = PBXBuildFile; fileRef = F5C806181A5BA50D00188814 /* BaseScene.swift */; };
		F5C8061B1A5BA50D00188814 /* TitleScene.swift in Sources */ = {isa = PBXBuildFile; fileRef = F5C806191A5BA50D00188814 /* TitleScene.swift */; };
		F5E4B0321A621E61006B4360 /* BuildingGraphicsFactory.swift in Sources */ = {isa = PBXBuildFile; fileRef = F5E4B0311A621E61006B4360 /* BuildingGraphicsFactory.swift */; };
		F5F2024E1A675EAA00E143BA /* AStar.swift in Sources */ = {isa = PBXBuildFile; fileRef = F5F2024D1A675EAA00E143BA /* AStar.swift */; };
		F5F202521A6767F300E143BA /* PriorityQueue.swift in Sources */ = {isa = PBXBuildFile; fileRef = F5F202511A6767F300E143BA /* PriorityQueue.swift */; };
/* End PBXBuildFile section */

/* Begin PBXFileReference section */
		F510A97A1A661AE400E647BC /* beardling_sheet_v3.png */ = {isa = PBXFileReference; lastKnownFileType = image.png; path = beardling_sheet_v3.png; sourceTree = "<group>"; };
		F515C61C1A6807AC003BB084 /* AIComponent.swift */ = {isa = PBXFileReference; fileEncoding = 4; lastKnownFileType = sourcecode.swift; path = AIComponent.swift; sourceTree = "<group>"; };
		F51F14011A5C662000BBC083 /* GraphicsComponent.swift */ = {isa = PBXFileReference; fileEncoding = 4; lastKnownFileType = sourcecode.swift; path = GraphicsComponent.swift; sourceTree = "<group>"; };
		F51F14041A5C7A8000BBC083 /* GraphicsFactory.swift */ = {isa = PBXFileReference; fileEncoding = 4; lastKnownFileType = sourcecode.swift; path = GraphicsFactory.swift; sourceTree = "<group>"; };
		F528866B1A5CFC5100DF976F /* PlayScene.swift */ = {isa = PBXFileReference; fileEncoding = 4; lastKnownFileType = sourcecode.swift; path = PlayScene.swift; sourceTree = "<group>"; };
		F528866F1A5D00A200DF976F /* EntityFactory.swift */ = {isa = PBXFileReference; fileEncoding = 4; lastKnownFileType = sourcecode.swift; path = EntityFactory.swift; sourceTree = "<group>"; };
		F52886731A619B1500DF976F /* BeardlingGraphicComponent.swift */ = {isa = PBXFileReference; fileEncoding = 4; lastKnownFileType = sourcecode.swift; path = BeardlingGraphicComponent.swift; sourceTree = "<group>"; };
		F5328BD31A61F2AA0022239A /* BeardlingGraphicsFactory.swift */ = {isa = PBXFileReference; fileEncoding = 4; lastKnownFileType = sourcecode.swift; path = BeardlingGraphicsFactory.swift; sourceTree = "<group>"; };
		F53825671A5BB4BF009E8984 /* Map.swift */ = {isa = PBXFileReference; fileEncoding = 4; lastKnownFileType = sourcecode.swift; path = Map.swift; sourceTree = "<group>"; };
		F53825691A5BB59B009E8984 /* MapSpace.swift */ = {isa = PBXFileReference; fileEncoding = 4; lastKnownFileType = sourcecode.swift; path = MapSpace.swift; sourceTree = "<group>"; };
		F538256B1A5C3A5B009E8984 /* Entity.swift */ = {isa = PBXFileReference; fileEncoding = 4; lastKnownFileType = sourcecode.swift; path = Entity.swift; sourceTree = "<group>"; };
		F538256D1A5C3CC2009E8984 /* ExampleComponent.swift */ = {isa = PBXFileReference; fileEncoding = 4; lastKnownFileType = sourcecode.swift; path = ExampleComponent.swift; sourceTree = "<group>"; };
		F54BE72D1A831A9D00A025AC /* ItemManager.swift */ = {isa = PBXFileReference; fileEncoding = 4; lastKnownFileType = sourcecode.swift; path = ItemManager.swift; sourceTree = "<group>"; };
		F54BE72F1A83223400A025AC /* List.swift */ = {isa = PBXFileReference; fileEncoding = 4; lastKnownFileType = sourcecode.swift; path = List.swift; sourceTree = "<group>"; };
		F562AA5D1A620FA6002080F1 /* TerrainGenerator.swift */ = {isa = PBXFileReference; fileEncoding = 4; lastKnownFileType = sourcecode.swift; path = TerrainGenerator.swift; sourceTree = "<group>"; };
		F56EB2A01A68A60600C8BDCC /* Notifier.swift */ = {isa = PBXFileReference; fileEncoding = 4; lastKnownFileType = sourcecode.swift; path = Notifier.swift; sourceTree = "<group>"; };
		F58472321A664CF6008D1449 /* CharacterComponent.swift */ = {isa = PBXFileReference; fileEncoding = 4; lastKnownFileType = sourcecode.swift; path = CharacterComponent.swift; sourceTree = "<group>"; };
		F58472341A664D72008D1449 /* PhysicalComponent.swift */ = {isa = PBXFileReference; fileEncoding = 4; lastKnownFileType = sourcecode.swift; path = PhysicalComponent.swift; sourceTree = "<group>"; };
		F59061751A61F3C200BE68EA /* TerrainGraphicsFactory.swift */ = {isa = PBXFileReference; fileEncoding = 4; lastKnownFileType = sourcecode.swift; path = TerrainGraphicsFactory.swift; sourceTree = "<group>"; };
		F59061771A61F44800BE68EA /* micro_tileset.png */ = {isa = PBXFileReference; lastKnownFileType = image.png; path = micro_tileset.png; sourceTree = "<group>"; };
		F592D9CA1A61B9EC00F0EC6D /* Terrain.swift */ = {isa = PBXFileReference; fileEncoding = 4; lastKnownFileType = sourcecode.swift; path = Terrain.swift; sourceTree = "<group>"; };
		F5A0C1DC1A5C8A38002BF131 /* PositionComponent.swift */ = {isa = PBXFileReference; fileEncoding = 4; lastKnownFileType = sourcecode.swift; path = PositionComponent.swift; sourceTree = "<group>"; };
		F5A52B4D1A71E1DC00E1653E /* ItemComponent.swift */ = {isa = PBXFileReference; fileEncoding = 4; lastKnownFileType = sourcecode.swift; path = ItemComponent.swift; sourceTree = "<group>"; };
		F5A52B531A741B9B00E1653E /* items.png */ = {isa = PBXFileReference; lastKnownFileType = image.png; path = items.png; sourceTree = "<group>"; };
		F5A52B551A741BFE00E1653E /* ItemsGraphicsFactory.swift */ = {isa = PBXFileReference; fileEncoding = 4; lastKnownFileType = sourcecode.swift; path = ItemsGraphicsFactory.swift; sourceTree = "<group>"; };
		F5A989401AA1B07500DE191B /* Goal.swift */ = {isa = PBXFileReference; fileEncoding = 4; lastKnownFileType = sourcecode.swift; path = Goal.swift; sourceTree = "<group>"; };
		F5AC73C01A638D29008D2DC5 /* BuildingGraphicsComponent.swift */ = {isa = PBXFileReference; fileEncoding = 4; lastKnownFileType = sourcecode.swift; path = BuildingGraphicsComponent.swift; sourceTree = "<group>"; };
		F5BB85D81A7B44F500A1EAA5 /* NeedManager.swift */ = {isa = PBXFileReference; fileEncoding = 4; lastKnownFileType = sourcecode.swift; path = NeedManager.swift; sourceTree = "<group>"; };
		F5BB85DB1A7B455800A1EAA5 /* HungerNeed.swift */ = {isa = PBXFileReference; fileEncoding = 4; lastKnownFileType = sourcecode.swift; path = HungerNeed.swift; sourceTree = "<group>"; };
		F5BB85DD1A7B5D8C00A1EAA5 /* FoodItem.swift */ = {isa = PBXFileReference; fileEncoding = 4; lastKnownFileType = sourcecode.swift; path = FoodItem.swift; sourceTree = "<group>"; };
		F5BB85DF1A7B6A6000A1EAA5 /* ItemFactory.swift */ = {isa = PBXFileReference; fileEncoding = 4; lastKnownFileType = sourcecode.swift; path = ItemFactory.swift; sourceTree = "<group>"; };
		F5C13CAD1A6C667100A27392 /* Pathfinder.swift */ = {isa = PBXFileReference; fileEncoding = 4; lastKnownFileType = sourcecode.swift; path = Pathfinder.swift; sourceTree = "<group>"; };
		F5C13CAF1A6C667D00A27392 /* PathStepper.swift */ = {isa = PBXFileReference; fileEncoding = 4; lastKnownFileType = sourcecode.swift; path = PathStepper.swift; sourceTree = "<group>"; };
		F5C805EE1A5BA44D00188814 /* Tarnish.app */ = {isa = PBXFileReference; explicitFileType = wrapper.application; includeInIndex = 0; path = Tarnish.app; sourceTree = BUILT_PRODUCTS_DIR; };
		F5C805F21A5BA44D00188814 /* Info.plist */ = {isa = PBXFileReference; lastKnownFileType = text.plist.xml; path = Info.plist; sourceTree = "<group>"; };
		F5C805F31A5BA44D00188814 /* AppDelegate.swift */ = {isa = PBXFileReference; lastKnownFileType = sourcecode.swift; path = AppDelegate.swift; sourceTree = "<group>"; };
		F5C805F91A5BA44D00188814 /* GameViewController.swift */ = {isa = PBXFileReference; lastKnownFileType = sourcecode.swift; path = GameViewController.swift; sourceTree = "<group>"; };
		F5C805FE1A5BA44D00188814 /* Images.xcassets */ = {isa = PBXFileReference; lastKnownFileType = folder.assetcatalog; path = Images.xcassets; sourceTree = "<group>"; };
		F5C806011A5BA44D00188814 /* Base */ = {isa = PBXFileReference; lastKnownFileType = file.xib; name = Base; path = Base.lproj/LaunchScreen.xib; sourceTree = "<group>"; };
		F5C806181A5BA50D00188814 /* BaseScene.swift */ = {isa = PBXFileReference; fileEncoding = 4; lastKnownFileType = sourcecode.swift; path = BaseScene.swift; sourceTree = "<group>"; };
		F5C806191A5BA50D00188814 /* TitleScene.swift */ = {isa = PBXFileReference; fileEncoding = 4; lastKnownFileType = sourcecode.swift; path = TitleScene.swift; sourceTree = "<group>"; };
		F5E4B0311A621E61006B4360 /* BuildingGraphicsFactory.swift */ = {isa = PBXFileReference; fileEncoding = 4; lastKnownFileType = sourcecode.swift; path = BuildingGraphicsFactory.swift; sourceTree = "<group>"; };
		F5F2024D1A675EAA00E143BA /* AStar.swift */ = {isa = PBXFileReference; fileEncoding = 4; lastKnownFileType = sourcecode.swift; path = AStar.swift; sourceTree = "<group>"; };
		F5F202511A6767F300E143BA /* PriorityQueue.swift */ = {isa = PBXFileReference; fileEncoding = 4; lastKnownFileType = sourcecode.swift; path = PriorityQueue.swift; sourceTree = "<group>"; };
/* End PBXFileReference section */

/* Begin PBXFrameworksBuildPhase section */
		F5C805EB1A5BA44D00188814 /* Frameworks */ = {
			isa = PBXFrameworksBuildPhase;
			buildActionMask = 2147483647;
			files = (
			);
			runOnlyForDeploymentPostprocessing = 0;
		};
/* End PBXFrameworksBuildPhase section */

/* Begin PBXGroup section */
		F51F13FE1A5C622B00BBC083 /* Resources */ = {
			isa = PBXGroup;
			children = (
				F5A52B531A741B9B00E1653E /* items.png */,
				F510A97A1A661AE400E647BC /* beardling_sheet_v3.png */,
				F59061771A61F44800BE68EA /* micro_tileset.png */,
			);
			path = Resources;
			sourceTree = "<group>";
		};
		F51F14031A5C7A5F00BBC083 /* Graphics */ = {
			isa = PBXGroup;
			children = (
				F51F14041A5C7A8000BBC083 /* GraphicsFactory.swift */,
				F5328BD31A61F2AA0022239A /* BeardlingGraphicsFactory.swift */,
				F59061751A61F3C200BE68EA /* TerrainGraphicsFactory.swift */,
				F5E4B0311A621E61006B4360 /* BuildingGraphicsFactory.swift */,
				F5A52B551A741BFE00E1653E /* ItemsGraphicsFactory.swift */,
			);
			name = Graphics;
			sourceTree = "<group>";
		};
		F53825651A5BB3E1009E8984 /* Map */ = {
			isa = PBXGroup;
			children = (
				F592D9C91A61B9E000F0EC6D /* Terrain */,
				F53825671A5BB4BF009E8984 /* Map.swift */,
				F53825691A5BB59B009E8984 /* MapSpace.swift */,
			);
			name = Map;
			sourceTree = "<group>";
		};
		F53825661A5BB3F6009E8984 /* Entities */ = {
			isa = PBXGroup;
			children = (
				F5A52B521A71E22B00E1653E /* Graphics */,
				F5A52B511A71E20200E1653E /* Characters */,
				F5A52B4C1A71E17900E1653E /* Items */,
				F5F2024C1A675E8E00E143BA /* AI */,
				F5A0C1DB1A5C89EA002BF131 /* Components */,
				F538256B1A5C3A5B009E8984 /* Entity.swift */,
				F528866F1A5D00A200DF976F /* EntityFactory.swift */,
			);
			name = Entities;
			sourceTree = "<group>";
		};
		F56EB29F1A68A5F100C8BDCC /* Communication */ = {
			isa = PBXGroup;
			children = (
				F56EB2A01A68A60600C8BDCC /* Notifier.swift */,
			);
			name = Communication;
			sourceTree = "<group>";
		};
		F592D9C91A61B9E000F0EC6D /* Terrain */ = {
			isa = PBXGroup;
			children = (
				F592D9CA1A61B9EC00F0EC6D /* Terrain.swift */,
				F562AA5D1A620FA6002080F1 /* TerrainGenerator.swift */,
			);
			name = Terrain;
			sourceTree = "<group>";
		};
		F5A0C1DB1A5C89EA002BF131 /* Components */ = {
			isa = PBXGroup;
			children = (
				F538256D1A5C3CC2009E8984 /* ExampleComponent.swift */,
				F51F14011A5C662000BBC083 /* GraphicsComponent.swift */,
				F5A0C1DC1A5C8A38002BF131 /* PositionComponent.swift */,
				F58472341A664D72008D1449 /* PhysicalComponent.swift */,
			);
			name = Components;
			sourceTree = "<group>";
		};
		F5A52B4C1A71E17900E1653E /* Items */ = {
			isa = PBXGroup;
			children = (
				F5A52B4D1A71E1DC00E1653E /* ItemComponent.swift */,
				F5BB85DD1A7B5D8C00A1EAA5 /* FoodItem.swift */,
				F5BB85DF1A7B6A6000A1EAA5 /* ItemFactory.swift */,
				F54BE72D1A831A9D00A025AC /* ItemManager.swift */,
			);
			name = Items;
			sourceTree = "<group>";
		};
		F5A52B511A71E20200E1653E /* Characters */ = {
			isa = PBXGroup;
			children = (
				F58472321A664CF6008D1449 /* CharacterComponent.swift */,
			);
			name = Characters;
			sourceTree = "<group>";
		};
		F5A52B521A71E22B00E1653E /* Graphics */ = {
			isa = PBXGroup;
			children = (
				F52886731A619B1500DF976F /* BeardlingGraphicComponent.swift */,
				F5AC73C01A638D29008D2DC5 /* BuildingGraphicsComponent.swift */,
			);
			name = Graphics;
			sourceTree = "<group>";
		};
		F5A9893F1AA1B06500DE191B /* Goals */ = {
			isa = PBXGroup;
			children = (
				F5A989401AA1B07500DE191B /* Goal.swift */,
			);
			name = Goals;
			sourceTree = "<group>";
		};
		F5BB85DA1A7B451E00A1EAA5 /* Needs */ = {
			isa = PBXGroup;
			children = (
				F5BB85D81A7B44F500A1EAA5 /* NeedManager.swift */,
				F5BB85DB1A7B455800A1EAA5 /* HungerNeed.swift */,
			);
			name = Needs;
			sourceTree = "<group>";
		};
		F5C13CB11A6C668700A27392 /* Algorithms */ = {
			isa = PBXGroup;
			children = (
				F5F2024D1A675EAA00E143BA /* AStar.swift */,
			);
			name = Algorithms;
			sourceTree = "<group>";
		};
		F5C805E51A5BA44D00188814 = {
			isa = PBXGroup;
			children = (
				F5C805F01A5BA44D00188814 /* Tarnish */,
				F5C805EF1A5BA44D00188814 /* Products */,
			);
			sourceTree = "<group>";
		};
		F5C805EF1A5BA44D00188814 /* Products */ = {
			isa = PBXGroup;
			children = (
				F5C805EE1A5BA44D00188814 /* Tarnish.app */,
			);
			name = Products;
			sourceTree = "<group>";
		};
		F5C805F01A5BA44D00188814 /* Tarnish */ = {
			isa = PBXGroup;
			children = (
				F5F2024F1A67677200E143BA /* Library */,
				F51F14031A5C7A5F00BBC083 /* Graphics */,
				F53825661A5BB3F6009E8984 /* Entities */,
				F53825651A5BB3E1009E8984 /* Map */,
				F5C806171A5BA4C800188814 /* Scenes */,
				F5C805F31A5BA44D00188814 /* AppDelegate.swift */,
				F5C805F91A5BA44D00188814 /* GameViewController.swift */,
				F5C805FE1A5BA44D00188814 /* Images.xcassets */,
				F5C806001A5BA44D00188814 /* LaunchScreen.xib */,
				F51F13FE1A5C622B00BBC083 /* Resources */,
				F5C805F11A5BA44D00188814 /* Supporting Files */,
			);
			path = Tarnish;
			sourceTree = "<group>";
		};
		F5C805F11A5BA44D00188814 /* Supporting Files */ = {
			isa = PBXGroup;
			children = (
				F5C805F21A5BA44D00188814 /* Info.plist */,
			);
			name = "Supporting Files";
			sourceTree = "<group>";
		};
		F5C806171A5BA4C800188814 /* Scenes */ = {
			isa = PBXGroup;
			children = (
				F5C806181A5BA50D00188814 /* BaseScene.swift */,
				F5C806191A5BA50D00188814 /* TitleScene.swift */,
				F528866B1A5CFC5100DF976F /* PlayScene.swift */,
			);
			name = Scenes;
			sourceTree = "<group>";
		};
		F5F2024C1A675E8E00E143BA /* AI */ = {
			isa = PBXGroup;
			children = (
				F5A9893F1AA1B06500DE191B /* Goals */,
				F5BB85DA1A7B451E00A1EAA5 /* Needs */,
				F515C61C1A6807AC003BB084 /* AIComponent.swift */,
				F5C13CAD1A6C667100A27392 /* Pathfinder.swift */,
				F5C13CAF1A6C667D00A27392 /* PathStepper.swift */,
			);
			name = AI;
			sourceTree = "<group>";
		};
		F5F2024F1A67677200E143BA /* Library */ = {
			isa = PBXGroup;
			children = (
				F5C13CB11A6C668700A27392 /* Algorithms */,
				F56EB29F1A68A5F100C8BDCC /* Communication */,
				F5F202501A67677C00E143BA /* Collections */,
			);
			name = Library;
			sourceTree = "<group>";
		};
		F5F202501A67677C00E143BA /* Collections */ = {
			isa = PBXGroup;
			children = (
				F5F202511A6767F300E143BA /* PriorityQueue.swift */,
				F54BE72F1A83223400A025AC /* List.swift */,
			);
			name = Collections;
			sourceTree = "<group>";
		};
/* End PBXGroup section */

/* Begin PBXNativeTarget section */
		F5C805ED1A5BA44D00188814 /* Tarnish */ = {
			isa = PBXNativeTarget;
			buildConfigurationList = F5C806111A5BA44D00188814 /* Build configuration list for PBXNativeTarget "Tarnish" */;
			buildPhases = (
				F5C805EA1A5BA44D00188814 /* Sources */,
				F5C805EB1A5BA44D00188814 /* Frameworks */,
				F5C805EC1A5BA44D00188814 /* Resources */,
			);
			buildRules = (
			);
			dependencies = (
			);
			name = Tarnish;
			productName = Tarnish;
			productReference = F5C805EE1A5BA44D00188814 /* Tarnish.app */;
			productType = "com.apple.product-type.application";
		};
/* End PBXNativeTarget section */

/* Begin PBXProject section */
		F5C805E61A5BA44D00188814 /* Project object */ = {
			isa = PBXProject;
			attributes = {
				LastUpgradeCheck = 0610;
				ORGANIZATIONNAME = "Todd Greener";
				TargetAttributes = {
					F5C805ED1A5BA44D00188814 = {
						CreatedOnToolsVersion = 6.1.1;
						DevelopmentTeam = 6LP8SH262R;
					};
				};
			};
			buildConfigurationList = F5C805E91A5BA44D00188814 /* Build configuration list for PBXProject "Tarnish" */;
			compatibilityVersion = "Xcode 3.2";
			developmentRegion = English;
			hasScannedForEncodings = 0;
			knownRegions = (
				en,
				Base,
			);
			mainGroup = F5C805E51A5BA44D00188814;
			productRefGroup = F5C805EF1A5BA44D00188814 /* Products */;
			projectDirPath = "";
			projectRoot = "";
			targets = (
				F5C805ED1A5BA44D00188814 /* Tarnish */,
			);
		};
/* End PBXProject section */

/* Begin PBXResourcesBuildPhase section */
		F5C805EC1A5BA44D00188814 /* Resources */ = {
			isa = PBXResourcesBuildPhase;
			buildActionMask = 2147483647;
			files = (
				F5C806021A5BA44D00188814 /* LaunchScreen.xib in Resources */,
				F5A52B541A741B9B00E1653E /* items.png in Resources */,
				F510A97B1A661AE400E647BC /* beardling_sheet_v3.png in Resources */,
				F5C805FF1A5BA44D00188814 /* Images.xcassets in Resources */,
				F59061781A61F44800BE68EA /* micro_tileset.png in Resources */,
			);
			runOnlyForDeploymentPostprocessing = 0;
		};
/* End PBXResourcesBuildPhase section */

/* Begin PBXSourcesBuildPhase section */
		F5C805EA1A5BA44D00188814 /* Sources */ = {
			isa = PBXSourcesBuildPhase;
			buildActionMask = 2147483647;
			files = (
				F538256E1A5C3CC2009E8984 /* ExampleComponent.swift in Sources */,
				F53825681A5BB4BF009E8984 /* Map.swift in Sources */,
				F58472351A664D72008D1449 /* PhysicalComponent.swift in Sources */,
				F5F2024E1A675EAA00E143BA /* AStar.swift in Sources */,
				F5A52B4E1A71E1DC00E1653E /* ItemComponent.swift in Sources */,
				F5BB85E01A7B6A6000A1EAA5 /* ItemFactory.swift in Sources */,
				F5C13CAE1A6C667100A27392 /* Pathfinder.swift in Sources */,
				F5BB85D91A7B44F500A1EAA5 /* NeedManager.swift in Sources */,
				F5A52B561A741BFE00E1653E /* ItemsGraphicsFactory.swift in Sources */,
				F5C805FA1A5BA44D00188814 /* GameViewController.swift in Sources */,
				F5F202521A6767F300E143BA /* PriorityQueue.swift in Sources */,
				F5A0C1DD1A5C8A38002BF131 /* PositionComponent.swift in Sources */,
				F538256C1A5C3A5B009E8984 /* Entity.swift in Sources */,
				F52886741A619B1500DF976F /* BeardlingGraphicComponent.swift in Sources */,
				F5C805F41A5BA44D00188814 /* AppDelegate.swift in Sources */,
				F5E4B0321A621E61006B4360 /* BuildingGraphicsFactory.swift in Sources */,
				F5A989411AA1B07500DE191B /* Goal.swift in Sources */,
				F54BE72E1A831A9D00A025AC /* ItemManager.swift in Sources */,
				F54BE7301A83223400A025AC /* List.swift in Sources */,
				F592D9CB1A61B9EC00F0EC6D /* Terrain.swift in Sources */,
				F5BB85DC1A7B455800A1EAA5 /* HungerNeed.swift in Sources */,
				F5BB85DE1A7B5D8C00A1EAA5 /* FoodItem.swift in Sources */,
				F58472331A664CF6008D1449 /* CharacterComponent.swift in Sources */,
				F59061761A61F3C200BE68EA /* TerrainGraphicsFactory.swift in Sources */,
				F52886701A5D00A200DF976F /* EntityFactory.swift in Sources */,
				F538256A1A5BB59B009E8984 /* MapSpace.swift in Sources */,
				F5328BD41A61F2AA0022239A /* BeardlingGraphicsFactory.swift in Sources */,
				F56EB2A11A68A60600C8BDCC /* Notifier.swift in Sources */,
				F5C8061A1A5BA50D00188814 /* BaseScene.swift in Sources */,
				F51F14051A5C7A8000BBC083 /* GraphicsFactory.swift in Sources */,
				F5C8061B1A5BA50D00188814 /* TitleScene.swift in Sources */,
				F5AC73C11A638D29008D2DC5 /* BuildingGraphicsComponent.swift in Sources */,
				F515C61D1A6807AC003BB084 /* AIComponent.swift in Sources */,
				F5C13CB01A6C667D00A27392 /* PathStepper.swift in Sources */,
				F528866C1A5CFC5100DF976F /* PlayScene.swift in Sources */,
				F51F14021A5C662000BBC083 /* GraphicsComponent.swift in Sources */,
				F562AA5E1A620FA6002080F1 /* TerrainGenerator.swift in Sources */,
			);
			runOnlyForDeploymentPostprocessing = 0;
		};
/* End PBXSourcesBuildPhase section */

/* Begin PBXVariantGroup section */
		F5C806001A5BA44D00188814 /* LaunchScreen.xib */ = {
			isa = PBXVariantGroup;
			children = (
				F5C806011A5BA44D00188814 /* Base */,
			);
			name = LaunchScreen.xib;
			sourceTree = "<group>";
		};
/* End PBXVariantGroup section */

/* Begin XCBuildConfiguration section */
		F5C8060F1A5BA44D00188814 /* Debug */ = {
			isa = XCBuildConfiguration;
			buildSettings = {
				ALWAYS_SEARCH_USER_PATHS = NO;
				CLANG_CXX_LANGUAGE_STANDARD = "gnu++0x";
				CLANG_CXX_LIBRARY = "libc++";
				CLANG_ENABLE_MODULES = YES;
				CLANG_ENABLE_OBJC_ARC = YES;
				CLANG_WARN_BOOL_CONVERSION = YES;
				CLANG_WARN_CONSTANT_CONVERSION = YES;
				CLANG_WARN_DIRECT_OBJC_ISA_USAGE = YES_ERROR;
				CLANG_WARN_EMPTY_BODY = YES;
				CLANG_WARN_ENUM_CONVERSION = YES;
				CLANG_WARN_INT_CONVERSION = YES;
				CLANG_WARN_OBJC_ROOT_CLASS = YES_ERROR;
				CLANG_WARN_UNREACHABLE_CODE = YES;
				CLANG_WARN__DUPLICATE_METHOD_MATCH = YES;
				"CODE_SIGN_IDENTITY[sdk=iphoneos*]" = "iPhone Developer";
				COPY_PHASE_STRIP = NO;
				ENABLE_STRICT_OBJC_MSGSEND = YES;
				GCC_C_LANGUAGE_STANDARD = gnu99;
				GCC_DYNAMIC_NO_PIC = NO;
				GCC_OPTIMIZATION_LEVEL = 0;
				GCC_PREPROCESSOR_DEFINITIONS = (
					"DEBUG=1",
					"$(inherited)",
				);
				GCC_SYMBOLS_PRIVATE_EXTERN = NO;
				GCC_WARN_64_TO_32_BIT_CONVERSION = YES;
				GCC_WARN_ABOUT_RETURN_TYPE = YES_ERROR;
				GCC_WARN_UNDECLARED_SELECTOR = YES;
				GCC_WARN_UNINITIALIZED_AUTOS = YES_AGGRESSIVE;
				GCC_WARN_UNUSED_FUNCTION = YES;
				GCC_WARN_UNUSED_VARIABLE = YES;
				IPHONEOS_DEPLOYMENT_TARGET = 8.1;
				MTL_ENABLE_DEBUG_INFO = YES;
				ONLY_ACTIVE_ARCH = YES;
				SDKROOT = iphoneos;
				SWIFT_OPTIMIZATION_LEVEL = "-Onone";
			};
			name = Debug;
		};
		F5C806101A5BA44D00188814 /* Release */ = {
			isa = XCBuildConfiguration;
			buildSettings = {
				ALWAYS_SEARCH_USER_PATHS = NO;
				CLANG_CXX_LANGUAGE_STANDARD = "gnu++0x";
				CLANG_CXX_LIBRARY = "libc++";
				CLANG_ENABLE_MODULES = YES;
				CLANG_ENABLE_OBJC_ARC = YES;
				CLANG_WARN_BOOL_CONVERSION = YES;
				CLANG_WARN_CONSTANT_CONVERSION = YES;
				CLANG_WARN_DIRECT_OBJC_ISA_USAGE = YES_ERROR;
				CLANG_WARN_EMPTY_BODY = YES;
				CLANG_WARN_ENUM_CONVERSION = YES;
				CLANG_WARN_INT_CONVERSION = YES;
				CLANG_WARN_OBJC_ROOT_CLASS = YES_ERROR;
				CLANG_WARN_UNREACHABLE_CODE = YES;
				CLANG_WARN__DUPLICATE_METHOD_MATCH = YES;
				"CODE_SIGN_IDENTITY[sdk=iphoneos*]" = "iPhone Developer";
				COPY_PHASE_STRIP = YES;
				ENABLE_NS_ASSERTIONS = NO;
				ENABLE_STRICT_OBJC_MSGSEND = YES;
				GCC_C_LANGUAGE_STANDARD = gnu99;
				GCC_WARN_64_TO_32_BIT_CONVERSION = YES;
				GCC_WARN_ABOUT_RETURN_TYPE = YES_ERROR;
				GCC_WARN_UNDECLARED_SELECTOR = YES;
				GCC_WARN_UNINITIALIZED_AUTOS = YES_AGGRESSIVE;
				GCC_WARN_UNUSED_FUNCTION = YES;
				GCC_WARN_UNUSED_VARIABLE = YES;
				IPHONEOS_DEPLOYMENT_TARGET = 8.1;
				MTL_ENABLE_DEBUG_INFO = NO;
				SDKROOT = iphoneos;
				VALIDATE_PRODUCT = YES;
			};
			name = Release;
		};
		F5C806121A5BA44D00188814 /* Debug */ = {
			isa = XCBuildConfiguration;
			buildSettings = {
				ASSETCATALOG_COMPILER_APPICON_NAME = AppIcon;
				CODE_SIGN_IDENTITY = "iPhone Developer";
				"CODE_SIGN_IDENTITY[sdk=iphoneos*]" = "iPhone Developer";
				INFOPLIST_FILE = Tarnish/Info.plist;
				IPHONEOS_DEPLOYMENT_TARGET = 8.1;
				LD_RUNPATH_SEARCH_PATHS = "$(inherited) @executable_path/Frameworks";
				PRODUCT_NAME = "$(TARGET_NAME)";
				PROVISIONING_PROFILE = "";
				TARGETED_DEVICE_FAMILY = 2;
			};
			name = Debug;
		};
		F5C806131A5BA44D00188814 /* Release */ = {
			isa = XCBuildConfiguration;
			buildSettings = {
				ASSETCATALOG_COMPILER_APPICON_NAME = AppIcon;
				CODE_SIGN_IDENTITY = "iPhone Developer";
				"CODE_SIGN_IDENTITY[sdk=iphoneos*]" = "iPhone Developer";
				INFOPLIST_FILE = Tarnish/Info.plist;
				IPHONEOS_DEPLOYMENT_TARGET = 8.1;
				LD_RUNPATH_SEARCH_PATHS = "$(inherited) @executable_path/Frameworks";
				PRODUCT_NAME = "$(TARGET_NAME)";
				PROVISIONING_PROFILE = "";
				TARGETED_DEVICE_FAMILY = 2;
			};
			name = Release;
		};
/* End XCBuildConfiguration section */

/* Begin XCConfigurationList section */
		F5C805E91A5BA44D00188814 /* Build configuration list for PBXProject "Tarnish" */ = {
			isa = XCConfigurationList;
			buildConfigurations = (
				F5C8060F1A5BA44D00188814 /* Debug */,
				F5C806101A5BA44D00188814 /* Release */,
			);
			defaultConfigurationIsVisible = 0;
			defaultConfigurationName = Release;
		};
		F5C806111A5BA44D00188814 /* Build configuration list for PBXNativeTarget "Tarnish" */ = {
			isa = XCConfigurationList;
			buildConfigurations = (
				F5C806121A5BA44D00188814 /* Debug */,
				F5C806131A5BA44D00188814 /* Release */,
			);
			defaultConfigurationIsVisible = 0;
			defaultConfigurationName = Release;
		};
/* End XCConfigurationList section */
	};
	rootObject = F5C805E61A5BA44D00188814 /* Project object */;
}
